
Microsoft Visual Studio Solution File, Format Version 12.00
Project("{FAE04EC0-301F-11D3-BF4B-00C04F79EFBC}") = "DisControl", "DisControl.csproj", "{083D5BB9-7D06-4A5E-A41C-A4CB1D503226}"
EndProject
Global
	GlobalSection(SolutionConfigurationPlatforms) = preSolution
		Debug|Any CPU = Debug|Any CPU
		Release|Any CPU = Release|Any CPU
	EndGlobalSection
	GlobalSection(ProjectConfigurationPlatforms) = postSolution
		{083D5BB9-7D06-4A5E-A41C-A4CB1D503226}.Debug|Any CPU.ActiveCfg = Debug|Any CPU
		{083D5BB9-7D06-4A5E-A41C-A4CB1D503226}.Debug|Any CPU.Build.0 = Debug|Any CPU
		{083D5BB9-7D06-4A5E-A41C-A4CB1D503226}.Release|Any CPU.ActiveCfg = Release|Any CPU
		{083D5BB9-7D06-4A5E-A41C-A4CB1D503226}.Release|Any CPU.Build.0 = Release|Any CPU
	EndGlobalSection
EndGlobal
